<?xml version="1.0" encoding="utf-8"?>
<Project ToolsVersion="4.0" xmlns="http://schemas.microsoft.com/developer/msbuild/2003">
  <ItemGroup>
    <Filter Include="Source Files">
      <UniqueIdentifier>{4FC737F1-C7A5-4376-A066-2A32D752A2FF}</UniqueIdentifier>
      <Extensions>cpp;c;cc;cxx</Extensions>
    </Filter>
    <Filter Include="Header Files">
      <UniqueIdentifier>{93995380-89BD-4b04-88EB-625FBE52EBFB}</UniqueIdentifier>
      <Extensions>h;hh;hpp;hxx</Extensions>
    </Filter>
    <Filter Include="Resource Files">
      <UniqueIdentifier>{67DA6BC6-F800-4c08-8B7A-83BB121AAD01}</UniqueIdentifier>
      <Extensions>rc;rc2;resx</Extensions>
    </Filter>
  </ItemGroup>
  <ItemGroup>
    <ClCompile Include="src\Entry.c">
      <Filter>Source Files</Filter>
    </ClCompile>
    <ClCompile Include="src\LoaderImage.c">
      <Filter>Source Files</Filter>
    </ClCompile>
    <ClCompile Include="src\LoaderImport.c">
      <Filter>Source Files</Filter>
    </ClCompile>
    <ClCompile Include="src\LoaderLog.c">
      <Filter>Source Files</Filter>
    </ClCompile>
    <ClCompile Include="src\LoaderReloc.c">
      <Filter>Source Files</Filter>
    </ClCompile>
    <ClCompile Include="src\LoaderRuntime.c">
      <Filter>Source Files</Filter>
    </ClCompile>
    <ClCompile Include="src\ReflectiveLoader.c">
      <Filter>Source Files</Filter>
    </ClCompile>
  </ItemGroup>
  <ItemGroup>
    <ClInclude Include="include\LoaderImage.h">
      <Filter>Header Files</Filter>
    </ClInclude>
    <ClInclude Include="include\LoaderLog.h">
      <Filter>Header Files</Filter>
    </ClInclude>
    <ClInclude Include="include\LoaderPe.h">
      <Filter>Header Files</Filter>
    </ClInclude>
    <ClInclude Include="include\LoaderSelf.h">
      <Filter>Header Files</Filter>
    </ClInclude>
  </ItemGroup>
  <ItemGroup>
    <ResourceCompile Include="res\loader.rc">
      <Filter>Resource Files</Filter>
    </ResourceCompile>
  </ItemGroup>
</Project>
